{
  "version": 4,
  "terraform_version": "1.5.6",
  "serial": 9,
  "lineage": "f8a3d2f0-d7e1-8aac-f31f-a7b1d4f968e3",
  "outputs": {},
  "resources": [
    {
      "mode": "managed",
      "type": "aws_vpc",
      "name": "my_vpc",
      "provider": "provider[\"registry.terraform.io/hashicorp/aws\"]",
      "instances": [
        {
          "schema_version": 1,
          "attributes": {
            "arn": "arn:aws:ec2:ap-south-1:607926762319:vpc/vpc-0cd70f2a89a7e04c3",
            "assign_generated_ipv6_cidr_block": false,
            "cidr_block": "192.168.0.0/16",
            "default_network_acl_id": "acl-0448b1d6e8d8438b0",
            "default_route_table_id": "rtb-0efec41a3f618e3a4",
            "default_security_group_id": "sg-0a10655f7f582a9a9",
            "dhcp_options_id": "dopt-05c7cdd31261f2b45",
            "enable_dns_hostnames": false,
            "enable_dns_support": true,
            "enable_network_address_usage_metrics": false,
            "id": "vpc-0cd70f2a89a7e04c3",
            "instance_tenancy": "default",
            "ipv4_ipam_pool_id": null,
            "ipv4_netmask_length": null,
            "ipv6_association_id": "",
            "ipv6_cidr_block": "",
            "ipv6_cidr_block_network_border_group": "",
            "ipv6_ipam_pool_id": "",
            "ipv6_netmask_length": 0,
            "main_route_table_id": "rtb-0efec41a3f618e3a4",
            "owner_id": "607926762319",
            "tags": {
              "Name": "practice"
            },
            "tags_all": {
              "Name": "practice"
            }
          },
          "sensitive_attributes": [],
          "private": "eyJzY2hlbWFfdmVyc2lvbiI6IjEifQ=="
        }
      ]
    }
  ],
  "check_results": null
}
